
Microsoft Visual Studio Solution File, Format Version 12.00
# Visual Studio 2013
VisualStudioVersion = 12.0.40629.0
MinimumVisualStudioVersion = 10.0.40219.1
Project("{F184B08F-C81C-45F6-A57F-5ABD9991F28F}") = "CapaPresentacion", "CapaPresentacion\CapaPresentacion.vbproj", "{F6AF5CCA-FEEC-4A26-B9D5-4CE6000E94D2}"
EndProject
Project("{F184B08F-C81C-45F6-A57F-5ABD9991F28F}") = "CapaAccesoDatos", "CapaAccesoDatos\CapaAccesoDatos.vbproj", "{B09D8472-B30A-4B8D-AA80-5F699CC7E990}"
EndProject
Project("{F184B08F-C81C-45F6-A57F-5ABD9991F28F}") = "CapaEntidades", "CapaEntidades\CapaEntidades.vbproj", "{6C967EBE-1694-4358-960C-8CC9D7AD8F6D}"
EndProject
Project("{F184B08F-C81C-45F6-A57F-5ABD9991F28F}") = "CapaLogicaNegocio", "CapaLogicaNegocio\CapaLogicaNegocio.vbproj", "{100BFD0E-C30A-44EF-8993-8D0861576792}"
EndProject
Global
	GlobalSection(SolutionConfigurationPlatforms) = preSolution
		Debug|Any CPU = Debug|Any CPU
		Release|Any CPU = Release|Any CPU
	EndGlobalSection
	GlobalSection(ProjectConfigurationPlatforms) = postSolution
		{F6AF5CCA-FEEC-4A26-B9D5-4CE6000E94D2}.Debug|Any CPU.ActiveCfg = Debug|Any CPU
		{F6AF5CCA-FEEC-4A26-B9D5-4CE6000E94D2}.Debug|Any CPU.Build.0 = Debug|Any CPU
		{F6AF5CCA-FEEC-4A26-B9D5-4CE6000E94D2}.Release|Any CPU.ActiveCfg = Release|Any CPU
		{F6AF5CCA-FEEC-4A26-B9D5-4CE6000E94D2}.Release|Any CPU.Build.0 = Release|Any CPU
		{B09D8472-B30A-4B8D-AA80-5F699CC7E990}.Debug|Any CPU.ActiveCfg = Debug|Any CPU
		{B09D8472-B30A-4B8D-AA80-5F699CC7E990}.Debug|Any CPU.Build.0 = Debug|Any CPU
		{B09D8472-B30A-4B8D-AA80-5F699CC7E990}.Release|Any CPU.ActiveCfg = Release|Any CPU
		{B09D8472-B30A-4B8D-AA80-5F699CC7E990}.Release|Any CPU.Build.0 = Release|Any CPU
		{6C967EBE-1694-4358-960C-8CC9D7AD8F6D}.Debug|Any CPU.ActiveCfg = Debug|Any CPU
		{6C967EBE-1694-4358-960C-8CC9D7AD8F6D}.Debug|Any CPU.Build.0 = Debug|Any CPU
		{6C967EBE-1694-4358-960C-8CC9D7AD8F6D}.Release|Any CPU.ActiveCfg = Release|Any CPU
		{6C967EBE-1694-4358-960C-8CC9D7AD8F6D}.Release|Any CPU.Build.0 = Release|Any CPU
		{100BFD0E-C30A-44EF-8993-8D0861576792}.Debug|Any CPU.ActiveCfg = Debug|Any CPU
		{100BFD0E-C30A-44EF-8993-8D0861576792}.Debug|Any CPU.Build.0 = Debug|Any CPU
		{100BFD0E-C30A-44EF-8993-8D0861576792}.Release|Any CPU.ActiveCfg = Release|Any CPU
		{100BFD0E-C30A-44EF-8993-8D0861576792}.Release|Any CPU.Build.0 = Release|Any CPU
	EndGlobalSection
	GlobalSection(SolutionProperties) = preSolution
		HideSolutionNode = FALSE
	EndGlobalSection
EndGlobal
